# THIS IS AN AUTOGENERATED FILE. DO NOT EDIT THIS FILE DIRECTLY.
# yarn lockfile v1


create-vite@^5.5.3:
  version "5.5.3"
  resolved "https://registry.yarnpkg.com/create-vite/-/create-vite-5.5.3.tgz#e8e807eededb40fbdb255caabdb17c1099c261cb"
  integrity sha512-7ooDS8IsvxMd8axuA70makifVe9Oo5Pa/oTh8ykClKSYbpSbIAZF/pkitv3yWe8OKcJGyLWuta/touAsr4qang==
