# THIS IS AN AUTOGENERATED FILE. DO NOT EDIT THIS FILE DIRECTLY.
# yarn lockfile v1


create-vite@^5.5.5:
  version "5.5.5"
  resolved "https://registry.yarnpkg.com/create-vite/-/create-vite-5.5.5.tgz#75cc5fe2c2c0a8a701c6b2e3a110cc2f419f2747"
  integrity sha512-xQaaMBBP7iTs9GrWj48y6WIMqn1l+83ao/BW1T32KkEzzi6kTEEAp0UI9EW/waCy7R4dGN6bRR86YQfPHmUsuQ==
