# THIS IS AN AUTOGENERATED FILE. DO NOT EDIT THIS FILE DIRECTLY.
# yarn lockfile v1


create-vite@^5.5.4:
  version "5.5.4"
  resolved "https://registry.yarnpkg.com/create-vite/-/create-vite-5.5.4.tgz#c0228577afce22a152f9bd4a922008758f29e300"
  integrity sha512-r6tVDLWJpjCKoonv8F1LUAP6ksTS6J2raqBbsdnvth05ihJT74jBhl25PiEcrAQvuVqureOsYRCfI6Qwa+Lj4Q==
