{
  "nodes": {
    "home-manager": {
      "inputs": {
        "nixpkgs": [
          "nixpkgs"
        ]
      },
      "locked": {
        "lastModified": 1736204492,
        "narHash": "sha256-CoBPRgkUex9Iz6qGSzi/BFVUQjndB0PmME2B6eEyeCs=",
        "owner": "nix-community",
        "repo": "home-manager",
        "rev": "20665c6efa83d71020c8730f26706258ba5c6b2a",
        "type": "github"
      },
      "original": {
        "owner": "nix-community",
        "repo": "home-manager",
        "type": "github"
      }
    },
    "impermanence": {
      "locked": {
        "lastModified": 1734945620,
        "narHash": "sha256-olIfsfJK4/GFmPH8mXMmBDAkzVQ1TWJmeGT3wBGfQPY=",
        "owner": "nix-community",
        "repo": "impermanence",
        "rev": "d000479f4f41390ff7cf9204979660ad5dd16176",
        "type": "github"
      },
      "original": {
        "owner": "nix-community",
        "repo": "impermanence",
        "type": "github"
      }
    },
    "nixpkgs": {
      "locked": {
        "lastModified": 1736217644,
        "narHash": "sha256-0BDQdKXpbuZU8iAkWQqF0F69li32lM544mS+N/qTwYg=",
        "owner": "NixOS",
        "repo": "nixpkgs",
        "rev": "f3dfdd4524133cfaadb7b2df11fc99efbf2b71c1",
        "type": "github"
      },
      "original": {
        "owner": "NixOS",
        "repo": "nixpkgs",
        "type": "github"
      }
    },
    "plasma-manager": {
      "inputs": {
        "home-manager": [
          "home-manager"
        ],
        "nixpkgs": [
          "nixpkgs"
        ]
      },
      "locked": {
        "lastModified": 1735049224,
        "narHash": "sha256-fWUd9kyXdepphJ7cCzOsuSo7l0kbFCkUqfgKqZyFZzE=",
        "owner": "nix-community",
        "repo": "plasma-manager",
        "rev": "d16bbded0ae452bc088489e7dca3ef58d8d1830b",
        "type": "github"
      },
      "original": {
        "owner": "nix-community",
        "repo": "plasma-manager",
        "type": "github"
      }
    },
    "root": {
      "inputs": {
        "home-manager": "home-manager",
        "impermanence": "impermanence",
        "nixpkgs": "nixpkgs",
        "plasma-manager": "plasma-manager",
        "sops-nix": "sops-nix"
      }
    },
    "sops-nix": {
      "inputs": {
        "nixpkgs": [
          "nixpkgs"
        ]
      },
      "locked": {
        "lastModified": 1736203741,
        "narHash": "sha256-eSjkBwBdQk+TZWFlLbclF2rAh4JxbGg8az4w/Lfe7f4=",
        "owner": "Mic92",
        "repo": "sops-nix",
        "rev": "c9c88f08e3ee495e888b8d7c8624a0b2519cb773",
        "type": "github"
      },
      "original": {
        "owner": "Mic92",
        "repo": "sops-nix",
        "type": "github"
      }
    }
  },
  "root": "root",
  "version": 7
}
